
Microsoft Visual Studio Solution File, Format Version 12.00
# Visual Studio Version 17
VisualStudioVersion = 17.14.36518.9 d17.14
MinimumVisualStudioVersion = 10.0.40219.1
Project("{F184B08F-C81C-45F6-A57F-5ABD9991F28F}") = "gestion_des_horaires_de_bus", "gestion_des_horaires_de_bus.vbproj", "{B7942652-1F16-48F8-889E-81EE58B57ABB}"
EndProject
Global
	GlobalSection(SolutionConfigurationPlatforms) = preSolution
		Debug|Any CPU = Debug|Any CPU
		Release|Any CPU = Release|Any CPU
	EndGlobalSection
	GlobalSection(ProjectConfigurationPlatforms) = postSolution
		{B7942652-1F16-48F8-889E-81EE58B57ABB}.Debug|Any CPU.ActiveCfg = Debug|Any CPU
		{B7942652-1F16-48F8-889E-81EE58B57ABB}.Debug|Any CPU.Build.0 = Debug|Any CPU
		{B7942652-1F16-48F8-889E-81EE58B57ABB}.Release|Any CPU.ActiveCfg = Release|Any CPU
		{B7942652-1F16-48F8-889E-81EE58B57ABB}.Release|Any CPU.Build.0 = Release|Any CPU
	EndGlobalSection
	GlobalSection(SolutionProperties) = preSolution
		HideSolutionNode = FALSE
	EndGlobalSection
	GlobalSection(ExtensibilityGlobals) = postSolution
		SolutionGuid = {9681A062-F32A-4EAB-92A3-24322B926216}
	EndGlobalSection
EndGlobal
